{
  "name": "ecs-framework",
  "lockfileVersion": 2,
  "requires": true,
  "packages": {
    "": {
      "devDependencies": {
        "gulp-sourcemaps": "^3.0.0"
      }
    },
    "node_modules/@gulp-sourcemaps/identity-map": {
      "version": "2.0.1",
      "resolved": "https://registry.npmmirror.com/@gulp-sourcemaps/identity-map/-/identity-map-2.0.1.tgz",
      "integrity": "sha512-Tb+nSISZku+eQ4X1lAkevcQa+jknn/OVUgZ3XCxEKIsLsqYuPoJwJOPQeaOk75X3WPftb29GWY1eqE7GLsXb1Q==",
      "dev": true,
      "dependencies": {
        "acorn": "^6.4.1",
        "normalize-path": "^3.0.0",
        "postcss": "^7.0.16",
        "source-map": "^0.6.0",
        "through2": "^3.0.1"
      },
      "engines": {
        "node": ">= 0.10"
      }
    },
    "node_modules/@gulp-sourcemaps/identity-map/node_modules/through2": {
      "version": "3.0.2",
      "resolved": "https://registry.npmmirror.com/through2/-/through2-3.0.2.tgz",
      "integrity": "sha512-enaDQ4MUyP2W6ZyT6EsMzqBPZaM/avg8iuo+l2d3QCs0J+6RaqkHV/2/lOwDTueBHeJ/2LG9lrLW3d5rWPucuQ==",
      "dev": true,
      "dependencies": {
        "inherits": "^2.0.4",
        "readable-stream": "2 || 3"
      }
    },
    "node_modules/@gulp-sourcemaps/map-sources": {
      "version": "1.0.0",
      "resolved": "https://registry.npmmirror.com/@gulp-sourcemaps/map-sources/-/map-sources-1.0.0.tgz",
      "integrity": "sha512-o/EatdaGt8+x2qpb0vFLC/2Gug/xYPRXb6a+ET1wGYKozKN3krDWC/zZFZAtrzxJHuDL12mwdfEFKcKMNvc55A==",
      "dev": true,
      "dependencies": {
        "normalize-path": "^2.0.1",
        "through2": "^2.0.3"
      },
      "engines": {
        "node": ">= 0.10"
      }
    },
    "node_modules/@gulp-sourcemaps/map-sources/node_modules/normalize-path": {
      "version": "2.1.1",
      "resolved": "https://registry.npmmirror.com/normalize-path/-/normalize-path-2.1.1.tgz",
      "integrity": "sha512-3pKJwH184Xo/lnH6oyP1q2pMd7HcypqqmRs91/6/i2CGtWwIKGCkOOMTm/zXbgTEWHw1uNpNi/igc3ePOYHb6w==",
      "dev": true,
      "dependencies": {
        "remove-trailing-separator": "^1.0.1"
      },
      "engines": {
        "node": ">=0.10.0"
      }
    },
    "node_modules/acorn": {
      "version": "6.4.2",
      "resolved": "https://registry.npmmirror.com/acorn/-/acorn-6.4.2.tgz",
      "integrity": "sha512-XtGIhXwF8YM8bJhGxG5kXgjkEuNGLTkoYqVE+KMR+aspr4KGYmKYg7yUe3KghyQ9yheNwLnjmzh/7+gfDBmHCQ==",
      "dev": true,
      "bin": {
        "acorn": "bin/acorn"
      },
      "engines": {
        "node": ">=0.4.0"
      }
    },
    "node_modules/atob": {
      "version": "2.1.2",
      "resolved": "https://registry.npmmirror.com/atob/-/atob-2.1.2.tgz",
      "integrity": "sha512-Wm6ukoaOGJi/73p/cl2GvLjTI5JM1k/O14isD73YML8StrH/7/lRFgmg8nICZgD3bZZvjwCGxtMOD3wWNAu8cg==",
      "dev": true,
      "bin": {
        "atob": "bin/atob.js"
      },
      "engines": {
        "node": ">= 4.5.0"
      }
    },
    "node_modules/convert-source-map": {
      "version": "1.9.0",
      "resolved": "https://registry.npmmirror.com/convert-source-map/-/convert-source-map-1.9.0.tgz",
      "integrity": "sha512-ASFBup0Mz1uyiIjANan1jzLQami9z1PoYSZCiiYW2FczPbenXc45FZdBZLzOT+r6+iciuEModtmCti+hjaAk0A==",
      "dev": true
    },
    "node_modules/core-util-is": {
      "version": "1.0.3",
      "resolved": "https://registry.npmmirror.com/core-util-is/-/core-util-is-1.0.3.tgz",
      "integrity": "sha512-ZQBvi1DcpJ4GDqanjucZ2Hj3wEO5pZDS89BWbkcrvdxksJorwUDDZamX9ldFkp9aw2lmBDLgkObEA4DWNJ9FYQ==",
      "dev": true
    },
    "node_modules/css": {
      "version": "3.0.0",
      "resolved": "https://registry.npmmirror.com/css/-/css-3.0.0.tgz",
      "integrity": "sha512-DG9pFfwOrzc+hawpmqX/dHYHJG+Bsdb0klhyi1sDneOgGOXy9wQIC8hzyVp1e4NRYDBdxcylvywPkkXCHAzTyQ==",
      "dev": true,
      "dependencies": {
        "inherits": "^2.0.4",
        "source-map": "^0.6.1",
        "source-map-resolve": "^0.6.0"
      }
    },
    "node_modules/d": {
      "version": "1.0.1",
      "resolved": "https://registry.npmmirror.com/d/-/d-1.0.1.tgz",
      "integrity": "sha512-m62ShEObQ39CfralilEQRjH6oAMtNCV1xJyEx5LpRYUVN+EviphDgUc/F3hnYbADmkiNs67Y+3ylmlG7Lnu+FA==",
      "dev": true,
      "dependencies": {
        "es5-ext": "^0.10.50",
        "type": "^1.0.1"
      }
    },
    "node_modules/debug": {
      "version": "3.2.7",
      "resolved": "https://registry.npmmirror.com/debug/-/debug-3.2.7.tgz",
      "integrity": "sha512-CFjzYYAi4ThfiQvizrFQevTTXHtnCqWfe7x1AhgEscTz6ZbLbfoLRLPugTQyBth6f8ZERVUSyWHFD/7Wu4t1XQ==",
      "dev": true,
      "dependencies": {
        "ms": "^2.1.1"
      }
    },
    "node_modules/debug-fabulous": {
      "version": "1.1.0",
      "resolved": "https://registry.npmmirror.com/debug-fabulous/-/debug-fabulous-1.1.0.tgz",
      "integrity": "sha512-GZqvGIgKNlUnHUPQhepnUZFIMoi3dgZKQBzKDeL2g7oJF9SNAji/AAu36dusFUas0O+pae74lNeoIPHqXWDkLg==",
      "dev": true,
      "dependencies": {
        "debug": "3.X",
        "memoizee": "0.4.X",
        "object-assign": "4.X"
      }
    },
    "node_modules/decode-uri-component": {
      "version": "0.2.2",
      "resolved": "https://registry.npmmirror.com/decode-uri-component/-/decode-uri-component-0.2.2.tgz",
      "integrity": "sha512-FqUYQ+8o158GyGTrMFJms9qh3CqTKvAqgqsTnkLI8sKu0028orqBhxNMFkFen0zGyg6epACD32pjVk58ngIErQ==",
      "dev": true,
      "engines": {
        "node": ">=0.10"
      }
    },
    "node_modules/detect-newline": {
      "version": "2.1.0",
      "resolved": "https://registry.npmmirror.com/detect-newline/-/detect-newline-2.1.0.tgz",
      "integrity": "sha512-CwffZFvlJffUg9zZA0uqrjQayUTC8ob94pnr5sFwaVv3IOmkfUHcWH+jXaQK3askE51Cqe8/9Ql/0uXNwqZ8Zg==",
      "dev": true,
      "engines": {
        "node": ">=0.10.0"
      }
    },
    "node_modules/es5-ext": {
      "version": "0.10.62",
      "resolved": "https://registry.npmmirror.com/es5-ext/-/es5-ext-0.10.62.tgz",
      "integrity": "sha512-BHLqn0klhEpnOKSrzn/Xsz2UIW8j+cGmo9JLzr8BiUapV8hPL9+FliFqjwr9ngW7jWdnxv6eO+/LqyhJVqgrjA==",
      "dev": true,
      "hasInstallScript": true,
      "dependencies": {
        "es6-iterator": "^2.0.3",
        "es6-symbol": "^3.1.3",
        "next-tick": "^1.1.0"
      },
      "engines": {
        "node": ">=0.10"
      }
    },
    "node_modules/es6-iterator": {
      "version": "2.0.3",
      "resolved": "https://registry.npmmirror.com/es6-iterator/-/es6-iterator-2.0.3.tgz",
      "integrity": "sha512-zw4SRzoUkd+cl+ZoE15A9o1oQd920Bb0iOJMQkQhl3jNc03YqVjAhG7scf9C5KWRU/R13Orf588uCC6525o02g==",
      "dev": true,
      "dependencies": {
        "d": "1",
        "es5-ext": "^0.10.35",
        "es6-symbol": "^3.1.1"
      }
    },
    "node_modules/es6-symbol": {
      "version": "3.1.3",
      "resolved": "https://registry.npmmirror.com/es6-symbol/-/es6-symbol-3.1.3.tgz",
      "integrity": "sha512-NJ6Yn3FuDinBaBRWl/q5X/s4koRHBrgKAu+yGI6JCBeiu3qrcbJhwT2GeR/EXVfylRk8dpQVJoLEFhK+Mu31NA==",
      "dev": true,
      "dependencies": {
        "d": "^1.0.1",
        "ext": "^1.1.2"
      }
    },
    "node_modules/es6-weak-map": {
      "version": "2.0.3",
      "resolved": "https://registry.npmmirror.com/es6-weak-map/-/es6-weak-map-2.0.3.tgz",
      "integrity": "sha512-p5um32HOTO1kP+w7PRnB+5lQ43Z6muuMuIMffvDN8ZB4GcnjLBV6zGStpbASIMk4DCAvEaamhe2zhyCb/QXXsA==",
      "dev": true,
      "dependencies": {
        "d": "1",
        "es5-ext": "^0.10.46",
        "es6-iterator": "^2.0.3",
        "es6-symbol": "^3.1.1"
      }
    },
    "node_modules/event-emitter": {
      "version": "0.3.5",
      "resolved": "https://registry.npmmirror.com/event-emitter/-/event-emitter-0.3.5.tgz",
      "integrity": "sha512-D9rRn9y7kLPnJ+hMq7S/nhvoKwwvVJahBi2BPmx3bvbsEdK3W9ii8cBSGjP+72/LnM4n6fo3+dkCX5FeTQruXA==",
      "dev": true,
      "dependencies": {
        "d": "1",
        "es5-ext": "~0.10.14"
      }
    },
    "node_modules/ext": {
      "version": "1.7.0",
      "resolved": "https://registry.npmmirror.com/ext/-/ext-1.7.0.tgz",
      "integrity": "sha512-6hxeJYaL110a9b5TEJSj0gojyHQAmA2ch5Os+ySCiA1QGdS697XWY1pzsrSjqA9LDEEgdB/KypIlR59RcLuHYw==",
      "dev": true,
      "dependencies": {
        "type": "^2.7.2"
      }
    },
    "node_modules/ext/node_modules/type": {
      "version": "2.7.2",
      "resolved": "https://registry.npmmirror.com/type/-/type-2.7.2.tgz",
      "integrity": "sha512-dzlvlNlt6AXU7EBSfpAscydQ7gXB+pPGsPnfJnZpiNJBDj7IaJzQlBZYGdEi4R9HmPdBv2XmWJ6YUtoTa7lmCw==",
      "dev": true
    },
    "node_modules/graceful-fs": {
      "version": "4.2.11",
      "resolved": "https://registry.npmmirror.com/graceful-fs/-/graceful-fs-4.2.11.tgz",
      "integrity": "sha512-RbJ5/jmFcNNCcDV5o9eTnBLJ/HszWV0P73bc+Ff4nS/rJj+YaS6IGyiOL0VoBYX+l1Wrl3k63h/KrH+nhJ0XvQ==",
      "dev": true
    },
    "node_modules/gulp-sourcemaps": {
      "version": "3.0.0",
      "resolved": "https://registry.npmmirror.com/gulp-sourcemaps/-/gulp-sourcemaps-3.0.0.tgz",
      "integrity": "sha512-RqvUckJkuYqy4VaIH60RMal4ZtG0IbQ6PXMNkNsshEGJ9cldUPRb/YCgboYae+CLAs1HQNb4ADTKCx65HInquQ==",
      "dev": true,
      "dependencies": {
        "@gulp-sourcemaps/identity-map": "^2.0.1",
        "@gulp-sourcemaps/map-sources": "^1.0.0",
        "acorn": "^6.4.1",
        "convert-source-map": "^1.0.0",
        "css": "^3.0.0",
        "debug-fabulous": "^1.0.0",
        "detect-newline": "^2.0.0",
        "graceful-fs": "^4.0.0",
        "source-map": "^0.6.0",
        "strip-bom-string": "^1.0.0",
        "through2": "^2.0.0"
      },
      "engines": {
        "node": ">= 6"
      }
    },
    "node_modules/inherits": {
      "version": "2.0.4",
      "resolved": "https://registry.npmmirror.com/inherits/-/inherits-2.0.4.tgz",
      "integrity": "sha512-k/vGaX4/Yla3WzyMCvTQOXYeIHvqOKtnqBduzTHpzpQZzAskKMhZ2K+EnBiSM9zGSoIFeMpXKxa4dYeZIQqewQ==",
      "dev": true
    },
    "node_modules/is-promise": {
      "version": "2.2.2",
      "resolved": "https://registry.npmmirror.com/is-promise/-/is-promise-2.2.2.tgz",
      "integrity": "sha512-+lP4/6lKUBfQjZ2pdxThZvLUAafmZb8OAxFb8XXtiQmS35INgr85hdOGoEs124ez1FCnZJt6jau/T+alh58QFQ==",
      "dev": true
    },
    "node_modules/isarray": {
      "version": "1.0.0",
      "resolved": "https://registry.npmmirror.com/isarray/-/isarray-1.0.0.tgz",
      "integrity": "sha512-VLghIWNM6ELQzo7zwmcg0NmTVyWKYjvIeM83yjp0wRDTmUnrM678fQbcKBo6n2CJEF0szoG//ytg+TKla89ALQ==",
      "dev": true
    },
    "node_modules/lru-queue": {
      "version": "0.1.0",
      "resolved": "https://registry.npmmirror.com/lru-queue/-/lru-queue-0.1.0.tgz",
      "integrity": "sha512-BpdYkt9EvGl8OfWHDQPISVpcl5xZthb+XPsbELj5AQXxIC8IriDZIQYjBJPEm5rS420sjZ0TLEzRcq5KdBhYrQ==",
      "dev": true,
      "dependencies": {
        "es5-ext": "~0.10.2"
      }
    },
    "node_modules/memoizee": {
      "version": "0.4.15",
      "resolved": "https://registry.npmmirror.com/memoizee/-/memoizee-0.4.15.tgz",
      "integrity": "sha512-UBWmJpLZd5STPm7PMUlOw/TSy972M+z8gcyQ5veOnSDRREz/0bmpyTfKt3/51DhEBqCZQn1udM/5flcSPYhkdQ==",
      "dev": true,
      "dependencies": {
        "d": "^1.0.1",
        "es5-ext": "^0.10.53",
        "es6-weak-map": "^2.0.3",
        "event-emitter": "^0.3.5",
        "is-promise": "^2.2.2",
        "lru-queue": "^0.1.0",
        "next-tick": "^1.1.0",
        "timers-ext": "^0.1.7"
      }
    },
    "node_modules/ms": {
      "version": "2.1.3",
      "resolved": "https://registry.npmmirror.com/ms/-/ms-2.1.3.tgz",
      "integrity": "sha512-6FlzubTLZG3J2a/NVCAleEhjzq5oxgHyaCU9yYXvcLsvoVaHJq/s5xXI6/XXP6tz7R9xAOtHnSO/tXtF3WRTlA==",
      "dev": true
    },
    "node_modules/next-tick": {
      "version": "1.1.0",
      "resolved": "https://registry.npmmirror.com/next-tick/-/next-tick-1.1.0.tgz",
      "integrity": "sha512-CXdUiJembsNjuToQvxayPZF9Vqht7hewsvy2sOWafLvi2awflj9mOC6bHIg50orX8IJvWKY9wYQ/zB2kogPslQ==",
      "dev": true
    },
    "node_modules/normalize-path": {
      "version": "3.0.0",
      "resolved": "https://registry.npmmirror.com/normalize-path/-/normalize-path-3.0.0.tgz",
      "integrity": "sha512-6eZs5Ls3WtCisHWp9S2GUy8dqkpGi4BVSz3GaqiE6ezub0512ESztXUwUB6C6IKbQkY2Pnb/mD4WYojCRwcwLA==",
      "dev": true,
      "engines": {
        "node": ">=0.10.0"
      }
    },
    "node_modules/object-assign": {
      "version": "4.1.1",
      "resolved": "https://registry.npmmirror.com/object-assign/-/object-assign-4.1.1.tgz",
      "integrity": "sha512-rJgTQnkUnH1sFw8yT6VSU3zD3sWmu6sZhIseY8VX+GRu3P6F7Fu+JNDoXfklElbLJSnc3FUQHVe4cU5hj+BcUg==",
      "dev": true,
      "engines": {
        "node": ">=0.10.0"
      }
    },
    "node_modules/picocolors": {
      "version": "0.2.1",
      "resolved": "https://registry.npmmirror.com/picocolors/-/picocolors-0.2.1.tgz",
      "integrity": "sha512-cMlDqaLEqfSaW8Z7N5Jw+lyIW869EzT73/F5lhtY9cLGoVxSXznfgfXMO0Z5K0o0Q2TkTXq+0KFsdnSe3jDViA==",
      "dev": true
    },
    "node_modules/postcss": {
      "version": "7.0.39",
      "resolved": "https://registry.npmmirror.com/postcss/-/postcss-7.0.39.tgz",
      "integrity": "sha512-yioayjNbHn6z1/Bywyb2Y4s3yvDAeXGOyxqD+LnVOinq6Mdmd++SW2wUNVzavyyHxd6+DxzWGIuosg6P1Rj8uA==",
      "dev": true,
      "dependencies": {
        "picocolors": "^0.2.1",
        "source-map": "^0.6.1"
      },
      "engines": {
        "node": ">=6.0.0"
      }
    },
    "node_modules/process-nextick-args": {
      "version": "2.0.1",
      "resolved": "https://registry.npmmirror.com/process-nextick-args/-/process-nextick-args-2.0.1.tgz",
      "integrity": "sha512-3ouUOpQhtgrbOa17J7+uxOTpITYWaGP7/AhoR3+A+/1e9skrzelGi/dXzEYyvbxubEF6Wn2ypscTKiKJFFn1ag==",
      "dev": true
    },
    "node_modules/readable-stream": {
      "version": "2.3.8",
      "resolved": "https://registry.npmmirror.com/readable-stream/-/readable-stream-2.3.8.tgz",
      "integrity": "sha512-8p0AUk4XODgIewSi0l8Epjs+EVnWiK7NoDIEGU0HhE7+ZyY8D1IMY7odu5lRrFXGg71L15KG8QrPmum45RTtdA==",
      "dev": true,
      "dependencies": {
        "core-util-is": "~1.0.0",
        "inherits": "~2.0.3",
        "isarray": "~1.0.0",
        "process-nextick-args": "~2.0.0",
        "safe-buffer": "~5.1.1",
        "string_decoder": "~1.1.1",
        "util-deprecate": "~1.0.1"
      }
    },
    "node_modules/remove-trailing-separator": {
      "version": "1.1.0",
      "resolved": "https://registry.npmmirror.com/remove-trailing-separator/-/remove-trailing-separator-1.1.0.tgz",
      "integrity": "sha512-/hS+Y0u3aOfIETiaiirUFwDBDzmXPvO+jAfKTitUngIPzdKc6Z0LoFjM/CK5PL4C+eKwHohlHAb6H0VFfmmUsw==",
      "dev": true
    },
    "node_modules/safe-buffer": {
      "version": "5.1.2",
      "resolved": "https://registry.npmmirror.com/safe-buffer/-/safe-buffer-5.1.2.tgz",
      "integrity": "sha512-Gd2UZBJDkXlY7GbJxfsE8/nvKkUEU1G38c1siN6QP6a9PT9MmHB8GnpscSmMJSoF8LOIrt8ud/wPtojys4G6+g==",
      "dev": true
    },
    "node_modules/source-map": {
      "version": "0.6.1",
      "resolved": "https://registry.npmmirror.com/source-map/-/source-map-0.6.1.tgz",
      "integrity": "sha512-UjgapumWlbMhkBgzT7Ykc5YXUT46F0iKu8SGXq0bcwP5dz/h0Plj6enJqjz1Zbq2l5WaqYnrVbwWOWMyF3F47g==",
      "dev": true,
      "engines": {
        "node": ">=0.10.0"
      }
    },
    "node_modules/source-map-resolve": {
      "version": "0.6.0",
      "resolved": "https://registry.npmmirror.com/source-map-resolve/-/source-map-resolve-0.6.0.tgz",
      "integrity": "sha512-KXBr9d/fO/bWo97NXsPIAW1bFSBOuCnjbNTBMO7N59hsv5i9yzRDfcYwwt0l04+VqnKC+EwzvJZIP/qkuMgR/w==",
      "deprecated": "See https://github.com/lydell/source-map-resolve#deprecated",
      "dev": true,
      "dependencies": {
        "atob": "^2.1.2",
        "decode-uri-component": "^0.2.0"
      }
    },
    "node_modules/string_decoder": {
      "version": "1.1.1",
      "resolved": "https://registry.npmmirror.com/string_decoder/-/string_decoder-1.1.1.tgz",
      "integrity": "sha512-n/ShnvDi6FHbbVfviro+WojiFzv+s8MPMHBczVePfUpDJLwoLT0ht1l4YwBCbi8pJAveEEdnkHyPyTP/mzRfwg==",
      "dev": true,
      "dependencies": {
        "safe-buffer": "~5.1.0"
      }
    },
    "node_modules/strip-bom-string": {
      "version": "1.0.0",
      "resolved": "https://registry.npmmirror.com/strip-bom-string/-/strip-bom-string-1.0.0.tgz",
      "integrity": "sha512-uCC2VHvQRYu+lMh4My/sFNmF2klFymLX1wHJeXnbEJERpV/ZsVuonzerjfrGpIGF7LBVa1O7i9kjiWvJiFck8g==",
      "dev": true,
      "engines": {
        "node": ">=0.10.0"
      }
    },
    "node_modules/through2": {
      "version": "2.0.5",
      "resolved": "https://registry.npmmirror.com/through2/-/through2-2.0.5.tgz",
      "integrity": "sha512-/mrRod8xqpA+IHSLyGCQ2s8SPHiCDEeQJSep1jqLYeEUClOFG2Qsh+4FU6G9VeqpZnGW/Su8LQGc4YKni5rYSQ==",
      "dev": true,
      "dependencies": {
        "readable-stream": "~2.3.6",
        "xtend": "~4.0.1"
      }
    },
    "node_modules/timers-ext": {
      "version": "0.1.7",
      "resolved": "https://registry.npmmirror.com/timers-ext/-/timers-ext-0.1.7.tgz",
      "integrity": "sha512-b85NUNzTSdodShTIbky6ZF02e8STtVVfD+fu4aXXShEELpozH+bCpJLYMPZbsABN2wDH7fJpqIoXxJpzbf0NqQ==",
      "dev": true,
      "dependencies": {
        "es5-ext": "~0.10.46",
        "next-tick": "1"
      }
    },
    "node_modules/type": {
      "version": "1.2.0",
      "resolved": "https://registry.npmmirror.com/type/-/type-1.2.0.tgz",
      "integrity": "sha512-+5nt5AAniqsCnu2cEQQdpzCAh33kVx8n0VoFidKpB1dVVLAN/F+bgVOqOJqOnEnrhp222clB5p3vUlD+1QAnfg==",
      "dev": true
    },
    "node_modules/util-deprecate": {
      "version": "1.0.2",
      "resolved": "https://registry.npmmirror.com/util-deprecate/-/util-deprecate-1.0.2.tgz",
      "integrity": "sha512-EPD5q1uXyFxJpCrLnCc1nHnq3gOa6DZBocAIiI2TaSCA7VCJ1UJDMagCzIkXNsUYfD1daK//LTEQ8xiIbrHtcw==",
      "dev": true
    },
    "node_modules/xtend": {
      "version": "4.0.2",
      "resolved": "https://registry.npmmirror.com/xtend/-/xtend-4.0.2.tgz",
      "integrity": "sha512-LKYU1iAXJXUgAXn9URjiu+MWhyUXHsvfp7mcuYm9dSUKK0/CjtrUwFAxD82/mCWbtLsGjFIad0wIsod4zrTAEQ==",
      "dev": true,
      "engines": {
        "node": ">=0.4"
      }
    }
  },
  "dependencies": {
    "@gulp-sourcemaps/identity-map": {
      "version": "2.0.1",
      "resolved": "https://registry.npmmirror.com/@gulp-sourcemaps/identity-map/-/identity-map-2.0.1.tgz",
      "integrity": "sha512-Tb+nSISZku+eQ4X1lAkevcQa+jknn/OVUgZ3XCxEKIsLsqYuPoJwJOPQeaOk75X3WPftb29GWY1eqE7GLsXb1Q==",
      "dev": true,
      "requires": {
        "acorn": "^6.4.1",
        "normalize-path": "^3.0.0",
        "postcss": "^7.0.16",
        "source-map": "^0.6.0",
        "through2": "^3.0.1"
      },
      "dependencies": {
        "through2": {
          "version": "3.0.2",
          "resolved": "https://registry.npmmirror.com/through2/-/through2-3.0.2.tgz",
          "integrity": "sha512-enaDQ4MUyP2W6ZyT6EsMzqBPZaM/avg8iuo+l2d3QCs0J+6RaqkHV/2/lOwDTueBHeJ/2LG9lrLW3d5rWPucuQ==",
          "dev": true,
          "requires": {
            "inherits": "^2.0.4",
            "readable-stream": "2 || 3"
          }
        }
      }
    },
    "@gulp-sourcemaps/map-sources": {
      "version": "1.0.0",
      "resolved": "https://registry.npmmirror.com/@gulp-sourcemaps/map-sources/-/map-sources-1.0.0.tgz",
      "integrity": "sha512-o/EatdaGt8+x2qpb0vFLC/2Gug/xYPRXb6a+ET1wGYKozKN3krDWC/zZFZAtrzxJHuDL12mwdfEFKcKMNvc55A==",
      "dev": true,
      "requires": {
        "normalize-path": "^2.0.1",
        "through2": "^2.0.3"
      },
      "dependencies": {
        "normalize-path": {
          "version": "2.1.1",
          "resolved": "https://registry.npmmirror.com/normalize-path/-/normalize-path-2.1.1.tgz",
          "integrity": "sha512-3pKJwH184Xo/lnH6oyP1q2pMd7HcypqqmRs91/6/i2CGtWwIKGCkOOMTm/zXbgTEWHw1uNpNi/igc3ePOYHb6w==",
          "dev": true,
          "requires": {
            "remove-trailing-separator": "^1.0.1"
          }
        }
      }
    },
    "acorn": {
      "version": "6.4.2",
      "resolved": "https://registry.npmmirror.com/acorn/-/acorn-6.4.2.tgz",
      "integrity": "sha512-XtGIhXwF8YM8bJhGxG5kXgjkEuNGLTkoYqVE+KMR+aspr4KGYmKYg7yUe3KghyQ9yheNwLnjmzh/7+gfDBmHCQ==",
      "dev": true
    },
    "atob": {
      "version": "2.1.2",
      "resolved": "https://registry.npmmirror.com/atob/-/atob-2.1.2.tgz",
      "integrity": "sha512-Wm6ukoaOGJi/73p/cl2GvLjTI5JM1k/O14isD73YML8StrH/7/lRFgmg8nICZgD3bZZvjwCGxtMOD3wWNAu8cg==",
      "dev": true
    },
    "convert-source-map": {
      "version": "1.9.0",
      "resolved": "https://registry.npmmirror.com/convert-source-map/-/convert-source-map-1.9.0.tgz",
      "integrity": "sha512-ASFBup0Mz1uyiIjANan1jzLQami9z1PoYSZCiiYW2FczPbenXc45FZdBZLzOT+r6+iciuEModtmCti+hjaAk0A==",
      "dev": true
    },
    "core-util-is": {
      "version": "1.0.3",
      "resolved": "https://registry.npmmirror.com/core-util-is/-/core-util-is-1.0.3.tgz",
      "integrity": "sha512-ZQBvi1DcpJ4GDqanjucZ2Hj3wEO5pZDS89BWbkcrvdxksJorwUDDZamX9ldFkp9aw2lmBDLgkObEA4DWNJ9FYQ==",
      "dev": true
    },
    "css": {
      "version": "3.0.0",
      "resolved": "https://registry.npmmirror.com/css/-/css-3.0.0.tgz",
      "integrity": "sha512-DG9pFfwOrzc+hawpmqX/dHYHJG+Bsdb0klhyi1sDneOgGOXy9wQIC8hzyVp1e4NRYDBdxcylvywPkkXCHAzTyQ==",
      "dev": true,
      "requires": {
        "inherits": "^2.0.4",
        "source-map": "^0.6.1",
        "source-map-resolve": "^0.6.0"
      }
    },
    "d": {
      "version": "1.0.1",
      "resolved": "https://registry.npmmirror.com/d/-/d-1.0.1.tgz",
      "integrity": "sha512-m62ShEObQ39CfralilEQRjH6oAMtNCV1xJyEx5LpRYUVN+EviphDgUc/F3hnYbADmkiNs67Y+3ylmlG7Lnu+FA==",
      "dev": true,
      "requires": {
        "es5-ext": "^0.10.50",
        "type": "^1.0.1"
      }
    },
    "debug": {
      "version": "3.2.7",
      "resolved": "https://registry.npmmirror.com/debug/-/debug-3.2.7.tgz",
      "integrity": "sha512-CFjzYYAi4ThfiQvizrFQevTTXHtnCqWfe7x1AhgEscTz6ZbLbfoLRLPugTQyBth6f8ZERVUSyWHFD/7Wu4t1XQ==",
      "dev": true,
      "requires": {
        "ms": "^2.1.1"
      }
    },
    "debug-fabulous": {
      "version": "1.1.0",
      "resolved": "https://registry.npmmirror.com/debug-fabulous/-/debug-fabulous-1.1.0.tgz",
      "integrity": "sha512-GZqvGIgKNlUnHUPQhepnUZFIMoi3dgZKQBzKDeL2g7oJF9SNAji/AAu36dusFUas0O+pae74lNeoIPHqXWDkLg==",
      "dev": true,
      "requires": {
        "debug": "3.X",
        "memoizee": "0.4.X",
        "object-assign": "4.X"
      }
    },
    "decode-uri-component": {
      "version": "0.2.2",
      "resolved": "https://registry.npmmirror.com/decode-uri-component/-/decode-uri-component-0.2.2.tgz",
      "integrity": "sha512-FqUYQ+8o158GyGTrMFJms9qh3CqTKvAqgqsTnkLI8sKu0028orqBhxNMFkFen0zGyg6epACD32pjVk58ngIErQ==",
      "dev": true
    },
    "detect-newline": {
      "version": "2.1.0",
      "resolved": "https://registry.npmmirror.com/detect-newline/-/detect-newline-2.1.0.tgz",
      "integrity": "sha512-CwffZFvlJffUg9zZA0uqrjQayUTC8ob94pnr5sFwaVv3IOmkfUHcWH+jXaQK3askE51Cqe8/9Ql/0uXNwqZ8Zg==",
      "dev": true
    },
    "es5-ext": {
      "version": "0.10.62",
      "resolved": "https://registry.npmmirror.com/es5-ext/-/es5-ext-0.10.62.tgz",
      "integrity": "sha512-BHLqn0klhEpnOKSrzn/Xsz2UIW8j+cGmo9JLzr8BiUapV8hPL9+FliFqjwr9ngW7jWdnxv6eO+/LqyhJVqgrjA==",
      "dev": true,
      "requires": {
        "es6-iterator": "^2.0.3",
        "es6-symbol": "^3.1.3",
        "next-tick": "^1.1.0"
      }
    },
    "es6-iterator": {
      "version": "2.0.3",
      "resolved": "https://registry.npmmirror.com/es6-iterator/-/es6-iterator-2.0.3.tgz",
      "integrity": "sha512-zw4SRzoUkd+cl+ZoE15A9o1oQd920Bb0iOJMQkQhl3jNc03YqVjAhG7scf9C5KWRU/R13Orf588uCC6525o02g==",
      "dev": true,
      "requires": {
        "d": "1",
        "es5-ext": "^0.10.35",
        "es6-symbol": "^3.1.1"
      }
    },
    "es6-symbol": {
      "version": "3.1.3",
      "resolved": "https://registry.npmmirror.com/es6-symbol/-/es6-symbol-3.1.3.tgz",
      "integrity": "sha512-NJ6Yn3FuDinBaBRWl/q5X/s4koRHBrgKAu+yGI6JCBeiu3qrcbJhwT2GeR/EXVfylRk8dpQVJoLEFhK+Mu31NA==",
      "dev": true,
      "requires": {
        "d": "^1.0.1",
        "ext": "^1.1.2"
      }
    },
    "es6-weak-map": {
      "version": "2.0.3",
      "resolved": "https://registry.npmmirror.com/es6-weak-map/-/es6-weak-map-2.0.3.tgz",
      "integrity": "sha512-p5um32HOTO1kP+w7PRnB+5lQ43Z6muuMuIMffvDN8ZB4GcnjLBV6zGStpbASIMk4DCAvEaamhe2zhyCb/QXXsA==",
      "dev": true,
      "requires": {
        "d": "1",
        "es5-ext": "^0.10.46",
        "es6-iterator": "^2.0.3",
        "es6-symbol": "^3.1.1"
      }
    },
    "event-emitter": {
      "version": "0.3.5",
      "resolved": "https://registry.npmmirror.com/event-emitter/-/event-emitter-0.3.5.tgz",
      "integrity": "sha512-D9rRn9y7kLPnJ+hMq7S/nhvoKwwvVJahBi2BPmx3bvbsEdK3W9ii8cBSGjP+72/LnM4n6fo3+dkCX5FeTQruXA==",
      "dev": true,
      "requires": {
        "d": "1",
        "es5-ext": "~0.10.14"
      }
    },
    "ext": {
      "version": "1.7.0",
      "resolved": "https://registry.npmmirror.com/ext/-/ext-1.7.0.tgz",
      "integrity": "sha512-6hxeJYaL110a9b5TEJSj0gojyHQAmA2ch5Os+ySCiA1QGdS697XWY1pzsrSjqA9LDEEgdB/KypIlR59RcLuHYw==",
      "dev": true,
      "requires": {
        "type": "^2.7.2"
      },
      "dependencies": {
        "type": {
          "version": "2.7.2",
          "resolved": "https://registry.npmmirror.com/type/-/type-2.7.2.tgz",
          "integrity": "sha512-dzlvlNlt6AXU7EBSfpAscydQ7gXB+pPGsPnfJnZpiNJBDj7IaJzQlBZYGdEi4R9HmPdBv2XmWJ6YUtoTa7lmCw==",
          "dev": true
        }
      }
    },
    "graceful-fs": {
      "version": "4.2.11",
      "resolved": "https://registry.npmmirror.com/graceful-fs/-/graceful-fs-4.2.11.tgz",
      "integrity": "sha512-RbJ5/jmFcNNCcDV5o9eTnBLJ/HszWV0P73bc+Ff4nS/rJj+YaS6IGyiOL0VoBYX+l1Wrl3k63h/KrH+nhJ0XvQ==",
      "dev": true
    },
    "gulp-sourcemaps": {
      "version": "3.0.0",
      "resolved": "https://registry.npmmirror.com/gulp-sourcemaps/-/gulp-sourcemaps-3.0.0.tgz",
      "integrity": "sha512-RqvUckJkuYqy4VaIH60RMal4ZtG0IbQ6PXMNkNsshEGJ9cldUPRb/YCgboYae+CLAs1HQNb4ADTKCx65HInquQ==",
      "dev": true,
      "requires": {
        "@gulp-sourcemaps/identity-map": "^2.0.1",
        "@gulp-sourcemaps/map-sources": "^1.0.0",
        "acorn": "^6.4.1",
        "convert-source-map": "^1.0.0",
        "css": "^3.0.0",
        "debug-fabulous": "^1.0.0",
        "detect-newline": "^2.0.0",
        "graceful-fs": "^4.0.0",
        "source-map": "^0.6.0",
        "strip-bom-string": "^1.0.0",
        "through2": "^2.0.0"
      }
    },
    "inherits": {
      "version": "2.0.4",
      "resolved": "https://registry.npmmirror.com/inherits/-/inherits-2.0.4.tgz",
      "integrity": "sha512-k/vGaX4/Yla3WzyMCvTQOXYeIHvqOKtnqBduzTHpzpQZzAskKMhZ2K+EnBiSM9zGSoIFeMpXKxa4dYeZIQqewQ==",
      "dev": true
    },
    "is-promise": {
      "version": "2.2.2",
      "resolved": "https://registry.npmmirror.com/is-promise/-/is-promise-2.2.2.tgz",
      "integrity": "sha512-+lP4/6lKUBfQjZ2pdxThZvLUAafmZb8OAxFb8XXtiQmS35INgr85hdOGoEs124ez1FCnZJt6jau/T+alh58QFQ==",
      "dev": true
    },
    "isarray": {
      "version": "1.0.0",
      "resolved": "https://registry.npmmirror.com/isarray/-/isarray-1.0.0.tgz",
      "integrity": "sha512-VLghIWNM6ELQzo7zwmcg0NmTVyWKYjvIeM83yjp0wRDTmUnrM678fQbcKBo6n2CJEF0szoG//ytg+TKla89ALQ==",
      "dev": true
    },
    "lru-queue": {
      "version": "0.1.0",
      "resolved": "https://registry.npmmirror.com/lru-queue/-/lru-queue-0.1.0.tgz",
      "integrity": "sha512-BpdYkt9EvGl8OfWHDQPISVpcl5xZthb+XPsbELj5AQXxIC8IriDZIQYjBJPEm5rS420sjZ0TLEzRcq5KdBhYrQ==",
      "dev": true,
      "requires": {
        "es5-ext": "~0.10.2"
      }
    },
    "memoizee": {
      "version": "0.4.15",
      "resolved": "https://registry.npmmirror.com/memoizee/-/memoizee-0.4.15.tgz",
      "integrity": "sha512-UBWmJpLZd5STPm7PMUlOw/TSy972M+z8gcyQ5veOnSDRREz/0bmpyTfKt3/51DhEBqCZQn1udM/5flcSPYhkdQ==",
      "dev": true,
      "requires": {
        "d": "^1.0.1",
        "es5-ext": "^0.10.53",
        "es6-weak-map": "^2.0.3",
        "event-emitter": "^0.3.5",
        "is-promise": "^2.2.2",
        "lru-queue": "^0.1.0",
        "next-tick": "^1.1.0",
        "timers-ext": "^0.1.7"
      }
    },
    "ms": {
      "version": "2.1.3",
      "resolved": "https://registry.npmmirror.com/ms/-/ms-2.1.3.tgz",
      "integrity": "sha512-6FlzubTLZG3J2a/NVCAleEhjzq5oxgHyaCU9yYXvcLsvoVaHJq/s5xXI6/XXP6tz7R9xAOtHnSO/tXtF3WRTlA==",
      "dev": true
    },
    "next-tick": {
      "version": "1.1.0",
      "resolved": "https://registry.npmmirror.com/next-tick/-/next-tick-1.1.0.tgz",
      "integrity": "sha512-CXdUiJembsNjuToQvxayPZF9Vqht7hewsvy2sOWafLvi2awflj9mOC6bHIg50orX8IJvWKY9wYQ/zB2kogPslQ==",
      "dev": true
    },
    "normalize-path": {
      "version": "3.0.0",
      "resolved": "https://registry.npmmirror.com/normalize-path/-/normalize-path-3.0.0.tgz",
      "integrity": "sha512-6eZs5Ls3WtCisHWp9S2GUy8dqkpGi4BVSz3GaqiE6ezub0512ESztXUwUB6C6IKbQkY2Pnb/mD4WYojCRwcwLA==",
      "dev": true
    },
    "object-assign": {
      "version": "4.1.1",
      "resolved": "https://registry.npmmirror.com/object-assign/-/object-assign-4.1.1.tgz",
      "integrity": "sha512-rJgTQnkUnH1sFw8yT6VSU3zD3sWmu6sZhIseY8VX+GRu3P6F7Fu+JNDoXfklElbLJSnc3FUQHVe4cU5hj+BcUg==",
      "dev": true
    },
    "picocolors": {
      "version": "0.2.1",
      "resolved": "https://registry.npmmirror.com/picocolors/-/picocolors-0.2.1.tgz",
      "integrity": "sha512-cMlDqaLEqfSaW8Z7N5Jw+lyIW869EzT73/F5lhtY9cLGoVxSXznfgfXMO0Z5K0o0Q2TkTXq+0KFsdnSe3jDViA==",
      "dev": true
    },
    "postcss": {
      "version": "7.0.39",
      "resolved": "https://registry.npmmirror.com/postcss/-/postcss-7.0.39.tgz",
      "integrity": "sha512-yioayjNbHn6z1/Bywyb2Y4s3yvDAeXGOyxqD+LnVOinq6Mdmd++SW2wUNVzavyyHxd6+DxzWGIuosg6P1Rj8uA==",
      "dev": true,
      "requires": {
        "picocolors": "^0.2.1",
        "source-map": "^0.6.1"
      }
    },
    "process-nextick-args": {
      "version": "2.0.1",
      "resolved": "https://registry.npmmirror.com/process-nextick-args/-/process-nextick-args-2.0.1.tgz",
      "integrity": "sha512-3ouUOpQhtgrbOa17J7+uxOTpITYWaGP7/AhoR3+A+/1e9skrzelGi/dXzEYyvbxubEF6Wn2ypscTKiKJFFn1ag==",
      "dev": true
    },
    "readable-stream": {
      "version": "2.3.8",
      "resolved": "https://registry.npmmirror.com/readable-stream/-/readable-stream-2.3.8.tgz",
      "integrity": "sha512-8p0AUk4XODgIewSi0l8Epjs+EVnWiK7NoDIEGU0HhE7+ZyY8D1IMY7odu5lRrFXGg71L15KG8QrPmum45RTtdA==",
      "dev": true,
      "requires": {
        "core-util-is": "~1.0.0",
        "inherits": "~2.0.3",
        "isarray": "~1.0.0",
        "process-nextick-args": "~2.0.0",
        "safe-buffer": "~5.1.1",
        "string_decoder": "~1.1.1",
        "util-deprecate": "~1.0.1"
      }
    },
    "remove-trailing-separator": {
      "version": "1.1.0",
      "resolved": "https://registry.npmmirror.com/remove-trailing-separator/-/remove-trailing-separator-1.1.0.tgz",
      "integrity": "sha512-/hS+Y0u3aOfIETiaiirUFwDBDzmXPvO+jAfKTitUngIPzdKc6Z0LoFjM/CK5PL4C+eKwHohlHAb6H0VFfmmUsw==",
      "dev": true
    },
    "safe-buffer": {
      "version": "5.1.2",
      "resolved": "https://registry.npmmirror.com/safe-buffer/-/safe-buffer-5.1.2.tgz",
      "integrity": "sha512-Gd2UZBJDkXlY7GbJxfsE8/nvKkUEU1G38c1siN6QP6a9PT9MmHB8GnpscSmMJSoF8LOIrt8ud/wPtojys4G6+g==",
      "dev": true
    },
    "source-map": {
      "version": "0.6.1",
      "resolved": "https://registry.npmmirror.com/source-map/-/source-map-0.6.1.tgz",
      "integrity": "sha512-UjgapumWlbMhkBgzT7Ykc5YXUT46F0iKu8SGXq0bcwP5dz/h0Plj6enJqjz1Zbq2l5WaqYnrVbwWOWMyF3F47g==",
      "dev": true
    },
    "source-map-resolve": {
      "version": "0.6.0",
      "resolved": "https://registry.npmmirror.com/source-map-resolve/-/source-map-resolve-0.6.0.tgz",
      "integrity": "sha512-KXBr9d/fO/bWo97NXsPIAW1bFSBOuCnjbNTBMO7N59hsv5i9yzRDfcYwwt0l04+VqnKC+EwzvJZIP/qkuMgR/w==",
      "dev": true,
      "requires": {
        "atob": "^2.1.2",
        "decode-uri-component": "^0.2.0"
      }
    },
    "string_decoder": {
      "version": "1.1.1",
      "resolved": "https://registry.npmmirror.com/string_decoder/-/string_decoder-1.1.1.tgz",
      "integrity": "sha512-n/ShnvDi6FHbbVfviro+WojiFzv+s8MPMHBczVePfUpDJLwoLT0ht1l4YwBCbi8pJAveEEdnkHyPyTP/mzRfwg==",
      "dev": true,
      "requires": {
        "safe-buffer": "~5.1.0"
      }
    },
    "strip-bom-string": {
      "version": "1.0.0",
      "resolved": "https://registry.npmmirror.com/strip-bom-string/-/strip-bom-string-1.0.0.tgz",
      "integrity": "sha512-uCC2VHvQRYu+lMh4My/sFNmF2klFymLX1wHJeXnbEJERpV/ZsVuonzerjfrGpIGF7LBVa1O7i9kjiWvJiFck8g==",
      "dev": true
    },
    "through2": {
      "version": "2.0.5",
      "resolved": "https://registry.npmmirror.com/through2/-/through2-2.0.5.tgz",
      "integrity": "sha512-/mrRod8xqpA+IHSLyGCQ2s8SPHiCDEeQJSep1jqLYeEUClOFG2Qsh+4FU6G9VeqpZnGW/Su8LQGc4YKni5rYSQ==",
      "dev": true,
      "requires": {
        "readable-stream": "~2.3.6",
        "xtend": "~4.0.1"
      }
    },
    "timers-ext": {
      "version": "0.1.7",
      "resolved": "https://registry.npmmirror.com/timers-ext/-/timers-ext-0.1.7.tgz",
      "integrity": "sha512-b85NUNzTSdodShTIbky6ZF02e8STtVVfD+fu4aXXShEELpozH+bCpJLYMPZbsABN2wDH7fJpqIoXxJpzbf0NqQ==",
      "dev": true,
      "requires": {
        "es5-ext": "~0.10.46",
        "next-tick": "1"
      }
    },
    "type": {
      "version": "1.2.0",
      "resolved": "https://registry.npmmirror.com/type/-/type-1.2.0.tgz",
      "integrity": "sha512-+5nt5AAniqsCnu2cEQQdpzCAh33kVx8n0VoFidKpB1dVVLAN/F+bgVOqOJqOnEnrhp222clB5p3vUlD+1QAnfg==",
      "dev": true
    },
    "util-deprecate": {
      "version": "1.0.2",
      "resolved": "https://registry.npmmirror.com/util-deprecate/-/util-deprecate-1.0.2.tgz",
      "integrity": "sha512-EPD5q1uXyFxJpCrLnCc1nHnq3gOa6DZBocAIiI2TaSCA7VCJ1UJDMagCzIkXNsUYfD1daK//LTEQ8xiIbrHtcw==",
      "dev": true
    },
    "xtend": {
      "version": "4.0.2",
      "resolved": "https://registry.npmmirror.com/xtend/-/xtend-4.0.2.tgz",
      "integrity": "sha512-LKYU1iAXJXUgAXn9URjiu+MWhyUXHsvfp7mcuYm9dSUKK0/CjtrUwFAxD82/mCWbtLsGjFIad0wIsod4zrTAEQ==",
      "dev": true
    }
  }
}
